{
  "requires": true,
  "lockfileVersion": 1,
  "dependencies": {
    "angular-toarrayfilter": {
      "version": "1.0.3",
      "resolved": "https://registry.npmjs.org/angular-toarrayfilter/-/angular-toarrayfilter-1.0.3.tgz",
      "integrity": "sha512-sBxwLIlTCqoPUb2sCTc4RqxsmxJELfsIkImp2O1FGt+tB7dkwEVjy3sAKnTy2oiX5shb/HMt8qiQPWEnMFI03w=="
    },
    "bootstrap": {
      "version": "4.3.1",
      "resolved": "https://registry.npmjs.org/bootstrap/-/bootstrap-4.3.1.tgz",
      "integrity": "sha512-rXqOmH1VilAt2DyPzluTi2blhk17bO7ef+zLLPlWvG494pDxcM234pJ8wTc/6R40UWizAIIMgxjvxZg5kmsbag=="
    }
  }
}
